github.com/appwrite/sdk-for-go v0.17.0 h1:5bGdrU8jW5WYFMCcV1AJHvZUwoyuLsx98LuksRuaJy4=
github.com/appwrite/sdk-for-go v0.17.0/go.mod h1:aFiOAbfOzGS3811eMCt3T9WDBvjvPVAfOjw10Vghi4E=
github.com/open-runtimes/types-for-go/v4 v4.0.6 h1:0Xf58LMy/vwWkiRN6BvvpWt1mWzcWUWQ5wsWSezG2TU=
github.com/open-runtimes/types-for-go/v4 v4.0.6/go.mod h1:ab4mDSfgeG4kN8wWpaBSv0Ao3m9P6oEfN5gsXtx+iaI=
